
Microsoft Visual Studio Solution File, Format Version 12.00
Project("{FAE04EC0-301F-11D3-BF4B-00C04F79EFBC}") = "ProductApi", "ProductApi\ProductApi.csproj", "{A6D5AB2A-0D77-4987-B791-14DB57FE8613}"
EndProject
Global
	GlobalSection(SolutionConfigurationPlatforms) = preSolution
		Debug|Any CPU = Debug|Any CPU
		Release|Any CPU = Release|Any CPU
	EndGlobalSection
	GlobalSection(ProjectConfigurationPlatforms) = postSolution
		{A6D5AB2A-0D77-4987-B791-14DB57FE8613}.Debug|Any CPU.ActiveCfg = Debug|Any CPU
		{A6D5AB2A-0D77-4987-B791-14DB57FE8613}.Debug|Any CPU.Build.0 = Debug|Any CPU
		{A6D5AB2A-0D77-4987-B791-14DB57FE8613}.Release|Any CPU.ActiveCfg = Release|Any CPU
		{A6D5AB2A-0D77-4987-B791-14DB57FE8613}.Release|Any CPU.Build.0 = Release|Any CPU
	EndGlobalSection
EndGlobal
